// !$*UTF8*$!
{
	archiveVersion = 1;
	classes = {
	};
	objectVersion = 48;
	objects = {

/* Begin PBXBuildFile section */
		2F99E0021FB3059500828C94 /* AppDelegate.swift in Sources */ = {isa = PBXBuildFile; fileRef = 2F99E0011FB3059500828C94 /* AppDelegate.swift */; };
		2F99E0041FB3059500828C94 /* ViewController.swift in Sources */ = {isa = PBXBuildFile; fileRef = 2F99E0031FB3059500828C94 /* ViewController.swift */; };
		2F99E0071FB3059500828C94 /* Main.storyboard in Resources */ = {isa = PBXBuildFile; fileRef = 2F99E0051FB3059500828C94 /* Main.storyboard */; };
		2F99E0091FB3059500828C94 /* Assets.xcassets in Resources */ = {isa = PBXBuildFile; fileRef = 2F99E0081FB3059500828C94 /* Assets.xcassets */; };
		2F99E00C1FB3059500828C94 /* LaunchScreen.storyboard in Resources */ = {isa = PBXBuildFile; fileRef = 2F99E00A1FB3059500828C94 /* LaunchScreen.storyboard */; };
		2F99E0171FB3059500828C94 /* FirstAppTests.swift in Sources */ = {isa = PBXBuildFile; fileRef = 2F99E0161FB3059500828C94 /* FirstAppTests.swift */; };
		2F99E0221FB3059500828C94 /* FirstAppUITests.swift in Sources */ = {isa = PBXBuildFile; fileRef = 2F99E0211FB3059500828C94 /* FirstAppUITests.swift */; };
/* End PBXBuildFile section */

/* Begin PBXContainerItemProxy section */
		2F99E0131FB3059500828C94 /* PBXContainerItemProxy */ = {
			isa = PBXContainerItemProxy;
			containerPortal = 2F99DFF61FB3059400828C94 /* Project object */;
			proxyType = 1;
			remoteGlobalIDString = 2F99DFFD1FB3059500828C94;
			remoteInfo = FirstApp;
		};
		2F99E01E1FB3059500828C94 /* PBXContainerItemProxy */ = {
			isa = PBXContainerItemProxy;
			containerPortal = 2F99DFF61FB3059400828C94 /* Project object */;
			proxyType = 1;
			remoteGlobalIDString = 2F99DFFD1FB3059500828C94;
			remoteInfo = FirstApp;
		};
/* End PBXContainerItemProxy section */

/* Begin PBXFileReference section */
		2F99DFFE1FB3059500828C94 /* FirstApp.app */ = {isa = PBXFileReference; explicitFileType = wrapper.application; includeInIndex = 0; path = FirstApp.app; sourceTree = BUILT_PRODUCTS_DIR; };
		2F99E0011FB3059500828C94 /* AppDelegate.swift */ = {isa = PBXFileReference; lastKnownFileType = sourcecode.swift; path = AppDelegate.swift; sourceTree = "<group>"; };
		2F99E0031FB3059500828C94 /* ViewController.swift */ = {isa = PBXFileReference; lastKnownFileType = sourcecode.swift; path = ViewController.swift; sourceTree = "<group>"; };
		2F99E0061FB3059500828C94 /* Base */ = {isa = PBXFileReference; lastKnownFileType = file.storyboard; name = Base; path = Base.lproj/Main.storyboard; sourceTree = "<group>"; };
		2F99E0081FB3059500828C94 /* Assets.xcassets */ = {isa = PBXFileReference; lastKnownFileType = folder.assetcatalog; path = Assets.xcassets; sourceTree = "<group>"; };
		2F99E00B1FB3059500828C94 /* Base */ = {isa = PBXFileReference; lastKnownFileType = file.storyboard; name = Base; path = Base.lproj/LaunchScreen.storyboard; sourceTree = "<group>"; };
		2F99E00D1FB3059500828C94 /* Info.plist */ = {isa = PBXFileReference; lastKnownFileType = text.plist.xml; path = Info.plist; sourceTree = "<group>"; };
		2F99E0121FB3059500828C94 /* FirstAppTests.xctest */ = {isa = PBXFileReference; explicitFileType = wrapper.cfbundle; includeInIndex = 0; path = FirstAppTests.xctest; sourceTree = BUILT_PRODUCTS_DIR; };
		2F99E0161FB3059500828C94 /* FirstAppTests.swift */ = {isa = PBXFileReference; lastKnownFileType = sourcecode.swift; path = FirstAppTests.swift; sourceTree = "<group>"; };
		2F99E0181FB3059500828C94 /* Info.plist */ = {isa = PBXFileReference; lastKnownFileType = text.plist.xml; path = Info.plist; sourceTree = "<group>"; };
		2F99E01D1FB3059500828C94 /* FirstAppUITests.xctest */ = {isa = PBXFileReference; explicitFileType = wrapper.cfbundle; includeInIndex = 0; path = FirstAppUITests.xctest; sourceTree = BUILT_PRODUCTS_DIR; };
		2F99E0211FB3059500828C94 /* FirstAppUITests.swift */ = {isa = PBXFileReference; lastKnownFileType = sourcecode.swift; path = FirstAppUITests.swift; sourceTree = "<group>"; };
		2F99E0231FB3059500828C94 /* Info.plist */ = {isa = PBXFileReference; lastKnownFileType = text.plist.xml; path = Info.plist; sourceTree = "<group>"; };
/* End PBXFileReference section */

/* Begin PBXFrameworksBuildPhase section */
		2F99DFFB1FB3059500828C94 /* Frameworks */ = {
			isa = PBXFrameworksBuildPhase;
			buildActionMask = 2147483647;
			files = (
			);
			runOnlyForDeploymentPostprocessing = 0;
		};
		2F99E00F1FB3059500828C94 /* Frameworks */ = {
			isa = PBXFrameworksBuildPhase;
			buildActionMask = 2147483647;
			files = (
			);
			runOnlyForDeploymentPostprocessing = 0;
		};
		2F99E01A1FB3059500828C94 /* Frameworks */ = {
			isa = PBXFrameworksBuildPhase;
			buildActionMask = 2147483647;
			files = (
			);
			runOnlyForDeploymentPostprocessing = 0;
		};
/* End PBXFrameworksBuildPhase section */

/* Begin PBXGroup section */
		2F99DFF51FB3059400828C94 = {
			isa = PBXGroup;
			children = (
				2F99E0001FB3059500828C94 /* FirstApp */,
				2F99E0151FB3059500828C94 /* FirstAppTests */,
				2F99E0201FB3059500828C94 /* FirstAppUITests */,
				2F99DFFF1FB3059500828C94 /* Products */,
			);
			sourceTree = "<group>";
		};
		2F99DFFF1FB3059500828C94 /* Products */ = {
			isa = PBXGroup;
			children = (
				2F99DFFE1FB3059500828C94 /* FirstApp.app */,
				2F99E0121FB3059500828C94 /* FirstAppTests.xctest */,
				2F99E01D1FB3059500828C94 /* FirstAppUITests.xctest */,
			);
			name = Products;
			sourceTree = "<group>";
		};
		2F99E0001FB3059500828C94 /* FirstApp */ = {
			isa = PBXGroup;
			children = (
				2F99E0011FB3059500828C94 /* AppDelegate.swift */,
				2F99E0031FB3059500828C94 /* ViewController.swift */,
				2F99E0051FB3059500828C94 /* Main.storyboard */,
				2F99E0081FB3059500828C94 /* Assets.xcassets */,
				2F99E00A1FB3059500828C94 /* LaunchScreen.storyboard */,
				2F99E00D1FB3059500828C94 /* Info.plist */,
			);
			path = FirstApp;
			sourceTree = "<group>";
		};
		2F99E0151FB3059500828C94 /* FirstAppTests */ = {
			isa = PBXGroup;
			children = (
				2F99E0161FB3059500828C94 /* FirstAppTests.swift */,
				2F99E0181FB3059500828C94 /* Info.plist */,
			);
			path = FirstAppTests;
			sourceTree = "<group>";
		};
		2F99E0201FB3059500828C94 /* FirstAppUITests */ = {
			isa = PBXGroup;
			children = (
				2F99E0211FB3059500828C94 /* FirstAppUITests.swift */,
				2F99E0231FB3059500828C94 /* Info.plist */,
			);
			path = FirstAppUITests;
			sourceTree = "<group>";
		};
/* End PBXGroup section */

/* Begin PBXNativeTarget section */
		2F99DFFD1FB3059500828C94 /* FirstApp */ = {
			isa = PBXNativeTarget;
			buildConfigurationList = 2F99E0261FB3059500828C94 /* Build configuration list for PBXNativeTarget "FirstApp" */;
			buildPhases = (
				2F99DFFA1FB3059500828C94 /* Sources */,
				2F99DFFB1FB3059500828C94 /* Frameworks */,
				2F99DFFC1FB3059500828C94 /* Resources */,
			);
			buildRules = (
			);
			dependencies = (
			);
			name = FirstApp;
			productName = FirstApp;
			productReference = 2F99DFFE1FB3059500828C94 /* FirstApp.app */;
			productType = "com.apple.product-type.application";
		};
		2F99E0111FB3059500828C94 /* FirstAppTests */ = {
			isa = PBXNativeTarget;
			buildConfigurationList = 2F99E0291FB3059500828C94 /* Build configuration list for PBXNativeTarget "FirstAppTests" */;
			buildPhases = (
				2F99E00E1FB3059500828C94 /* Sources */,
				2F99E00F1FB3059500828C94 /* Frameworks */,
				2F99E0101FB3059500828C94 /* Resources */,
			);
			buildRules = (
			);
			dependencies = (
				2F99E0141FB3059500828C94 /* PBXTargetDependency */,
			);
			name = FirstAppTests;
			productName = FirstAppTests;
			productReference = 2F99E0121FB3059500828C94 /* FirstAppTests.xctest */;
			productType = "com.apple.product-type.bundle.unit-test";
		};
		2F99E01C1FB3059500828C94 /* FirstAppUITests */ = {
			isa = PBXNativeTarget;
			buildConfigurationList = 2F99E02C1FB3059500828C94 /* Build configuration list for PBXNativeTarget "FirstAppUITests" */;
			buildPhases = (
				2F99E0191FB3059500828C94 /* Sources */,
				2F99E01A1FB3059500828C94 /* Frameworks */,
				2F99E01B1FB3059500828C94 /* Resources */,
			);
			buildRules = (
			);
			dependencies = (
				2F99E01F1FB3059500828C94 /* PBXTargetDependency */,
			);
			name = FirstAppUITests;
			productName = FirstAppUITests;
			productReference = 2F99E01D1FB3059500828C94 /* FirstAppUITests.xctest */;
			productType = "com.apple.product-type.bundle.ui-testing";
		};
/* End PBXNativeTarget section */

/* Begin PBXProject section */
		2F99DFF61FB3059400828C94 /* Project object */ = {
			isa = PBXProject;
			attributes = {
				LastSwiftUpdateCheck = 0900;
				LastUpgradeCheck = 0900;
				ORGANIZATIONNAME = "P B";
				TargetAttributes = {
					2F99DFFD1FB3059500828C94 = {
						CreatedOnToolsVersion = 9.0.1;
						ProvisioningStyle = Automatic;
					};
					2F99E0111FB3059500828C94 = {
						CreatedOnToolsVersion = 9.0.1;
						ProvisioningStyle = Automatic;
						TestTargetID = 2F99DFFD1FB3059500828C94;
					};
					2F99E01C1FB3059500828C94 = {
						CreatedOnToolsVersion = 9.0.1;
						ProvisioningStyle = Automatic;
						TestTargetID = 2F99DFFD1FB3059500828C94;
					};
				};
			};
			buildConfigurationList = 2F99DFF91FB3059400828C94 /* Build configuration list for PBXProject "FirstApp" */;
			compatibilityVersion = "Xcode 8.0";
			developmentRegion = en;
			hasScannedForEncodings = 0;
			knownRegions = (
				en,
				Base,
			);
			mainGroup = 2F99DFF51FB3059400828C94;
			productRefGroup = 2F99DFFF1FB3059500828C94 /* Products */;
			projectDirPath = "";
			projectRoot = "";
			targets = (
				2F99DFFD1FB3059500828C94 /* FirstApp */,
				2F99E0111FB3059500828C94 /* FirstAppTests */,
				2F99E01C1FB3059500828C94 /* FirstAppUITests */,
			);
		};
/* End PBXProject section */

/* Begin PBXResourcesBuildPhase section */
		2F99DFFC1FB3059500828C94 /* Resources */ = {
			isa = PBXResourcesBuildPhase;
			buildActionMask = 2147483647;
			files = (
				2F99E00C1FB3059500828C94 /* LaunchScreen.storyboard in Resources */,
				2F99E0091FB3059500828C94 /* Assets.xcassets in Resources */,
				2F99E0071FB3059500828C94 /* Main.storyboard in Resources */,
			);
			runOnlyForDeploymentPostprocessing = 0;
		};
		2F99E0101FB3059500828C94 /* Resources */ = {
			isa = PBXResourcesBuildPhase;
			buildActionMask = 2147483647;
			files = (
			);
			runOnlyForDeploymentPostprocessing = 0;
		};
		2F99E01B1FB3059500828C94 /* Resources */ = {
			isa = PBXResourcesBuildPhase;
			buildActionMask = 2147483647;
			files = (
			);
			runOnlyForDeploymentPostprocessing = 0;
		};
/* End PBXResourcesBuildPhase section */

/* Begin PBXSourcesBuildPhase section */
		2F99DFFA1FB3059500828C94 /* Sources */ = {
			isa = PBXSourcesBuildPhase;
			buildActionMask = 2147483647;
			files = (
				2F99E0041FB3059500828C94 /* ViewController.swift in Sources */,
				2F99E0021FB3059500828C94 /* AppDelegate.swift in Sources */,
			);
			runOnlyForDeploymentPostprocessing = 0;
		};
		2F99E00E1FB3059500828C94 /* Sources */ = {
			isa = PBXSourcesBuildPhase;
			buildActionMask = 2147483647;
			files = (
				2F99E0171FB3059500828C94 /* FirstAppTests.swift in Sources */,
			);
			runOnlyForDeploymentPostprocessing = 0;
		};
		2F99E0191FB3059500828C94 /* Sources */ = {
			isa = PBXSourcesBuildPhase;
			buildActionMask = 2147483647;
			files = (
				2F99E0221FB3059500828C94 /* FirstAppUITests.swift in Sources */,
			);
			runOnlyForDeploymentPostprocessing = 0;
		};
/* End PBXSourcesBuildPhase section */

/* Begin PBXTargetDependency section */
		2F99E0141FB3059500828C94 /* PBXTargetDependency */ = {
			isa = PBXTargetDependency;
			target = 2F99DFFD1FB3059500828C94 /* FirstApp */;
			targetProxy = 2F99E0131FB3059500828C94 /* PBXContainerItemProxy */;
		};
		2F99E01F1FB3059500828C94 /* PBXTargetDependency */ = {
			isa = PBXTargetDependency;
			target = 2F99DFFD1FB3059500828C94 /* FirstApp */;
			targetProxy = 2F99E01E1FB3059500828C94 /* PBXContainerItemProxy */;
		};
/* End PBXTargetDependency section */

/* Begin PBXVariantGroup section */
		2F99E0051FB3059500828C94 /* Main.storyboard */ = {
			isa = PBXVariantGroup;
			children = (
				2F99E0061FB3059500828C94 /* Base */,
			);
			name = Main.storyboard;
			sourceTree = "<group>";
		};
		2F99E00A1FB3059500828C94 /* LaunchScreen.storyboard */ = {
			isa = PBXVariantGroup;
			children = (
				2F99E00B1FB3059500828C94 /* Base */,
			);
			name = LaunchScreen.storyboard;
			sourceTree = "<group>";
		};
/* End PBXVariantGroup section */

/* Begin XCBuildConfiguration section */
		2F99E0241FB3059500828C94 /* Debug */ = {
			isa = XCBuildConfiguration;
			buildSettings = {
				ALWAYS_SEARCH_USER_PATHS = NO;
				CLANG_ANALYZER_NONNULL = YES;
				CLANG_ANALYZER_NUMBER_OBJECT_CONVERSION = YES_AGGRESSIVE;
				CLANG_CXX_LANGUAGE_STANDARD = "gnu++14";
				CLANG_CXX_LIBRARY = "libc++";
				CLANG_ENABLE_MODULES = YES;
				CLANG_ENABLE_OBJC_ARC = YES;
				CLANG_WARN_BLOCK_CAPTURE_AUTORELEASING = YES;
				CLANG_WARN_BOOL_CONVERSION = YES;
				CLANG_WARN_COMMA = YES;
				CLANG_WARN_CONSTANT_CONVERSION = YES;
				CLANG_WARN_DIRECT_OBJC_ISA_USAGE = YES_ERROR;
				CLANG_WARN_DOCUMENTATION_COMMENTS = YES;
				CLANG_WARN_EMPTY_BODY = YES;
				CLANG_WARN_ENUM_CONVERSION = YES;
				CLANG_WARN_INFINITE_RECURSION = YES;
				CLANG_WARN_INT_CONVERSION = YES;
				CLANG_WARN_NON_LITERAL_NULL_CONVERSION = YES;
				CLANG_WARN_OBJC_LITERAL_CONVERSION = YES;
				CLANG_WARN_OBJC_ROOT_CLASS = YES_ERROR;
				CLANG_WARN_RANGE_LOOP_ANALYSIS = YES;
				CLANG_WARN_STRICT_PROTOTYPES = YES;
				CLANG_WARN_SUSPICIOUS_MOVE = YES;
				CLANG_WARN_UNGUARDED_AVAILABILITY = YES_AGGRESSIVE;
				CLANG_WARN_UNREACHABLE_CODE = YES;
				CLANG_WARN__DUPLICATE_METHOD_MATCH = YES;
				CODE_SIGN_IDENTITY = "iPhone Developer";
				COPY_PHASE_STRIP = NO;
				DEBUG_INFORMATION_FORMAT = dwarf;
				ENABLE_STRICT_OBJC_MSGSEND = YES;
				ENABLE_TESTABILITY = YES;
				GCC_C_LANGUAGE_STANDARD = gnu11;
				GCC_DYNAMIC_NO_PIC = NO;
				GCC_NO_COMMON_BLOCKS = YES;
				GCC_OPTIMIZATION_LEVEL = 0;
				GCC_PREPROCESSOR_DEFINITIONS = (
					"DEBUG=1",
					"$(inherited)",
				);
				GCC_WARN_64_TO_32_BIT_CONVERSION = YES;
				GCC_WARN_ABOUT_RETURN_TYPE = YES_ERROR;
				GCC_WARN_UNDECLARED_SELECTOR = YES;
				GCC_WARN_UNINITIALIZED_AUTOS = YES_AGGRESSIVE;
				GCC_WARN_UNUSED_FUNCTION = YES;
				GCC_WARN_UNUSED_VARIABLE = YES;
				IPHONEOS_DEPLOYMENT_TARGET = 11.0;
				MTL_ENABLE_DEBUG_INFO = YES;
				ONLY_ACTIVE_ARCH = YES;
				SDKROOT = iphoneos;
				SWIFT_ACTIVE_COMPILATION_CONDITIONS = DEBUG;
				SWIFT_OPTIMIZATION_LEVEL = "-Onone";
			};
			name = Debug;
		};
		2F99E0251FB3059500828C94 /* Release */ = {
			isa = XCBuildConfiguration;
			buildSettings = {
				ALWAYS_SEARCH_USER_PATHS = NO;
				CLANG_ANALYZER_NONNULL = YES;
				CLANG_ANALYZER_NUMBER_OBJECT_CONVERSION = YES_AGGRESSIVE;
				CLANG_CXX_LANGUAGE_STANDARD = "gnu++14";
				CLANG_CXX_LIBRARY = "libc++";
				CLANG_ENABLE_MODULES = YES;
				CLANG_ENABLE_OBJC_ARC = YES;
				CLANG_WARN_BLOCK_CAPTURE_AUTORELEASING = YES;
				CLANG_WARN_BOOL_CONVERSION = YES;
				CLANG_WARN_COMMA = YES;
				CLANG_WARN_CONSTANT_CONVERSION = YES;
				CLANG_WARN_DIRECT_OBJC_ISA_USAGE = YES_ERROR;
				CLANG_WARN_DOCUMENTATION_COMMENTS = YES;
				CLANG_WARN_EMPTY_BODY = YES;
				CLANG_WARN_ENUM_CONVERSION = YES;
				CLANG_WARN_INFINITE_RECURSION = YES;
				CLANG_WARN_INT_CONVERSION = YES;
				CLANG_WARN_NON_LITERAL_NULL_CONVERSION = YES;
				CLANG_WARN_OBJC_LITERAL_CONVERSION = YES;
				CLANG_WARN_OBJC_ROOT_CLASS = YES_ERROR;
				CLANG_WARN_RANGE_LOOP_ANALYSIS = YES;
				CLANG_WARN_STRICT_PROTOTYPES = YES;
				CLANG_WARN_SUSPICIOUS_MOVE = YES;
				CLANG_WARN_UNGUARDED_AVAILABILITY = YES_AGGRESSIVE;
				CLANG_WARN_UNREACHABLE_CODE = YES;
				CLANG_WARN__DUPLICATE_METHOD_MATCH = YES;
				CODE_SIGN_IDENTITY = "iPhone Developer";
				COPY_PHASE_STRIP = NO;
				DEBUG_INFORMATION_FORMAT = "dwarf-with-dsym";
				ENABLE_NS_ASSERTIONS = NO;
				ENABLE_STRICT_OBJC_MSGSEND = YES;
				GCC_C_LANGUAGE_STANDARD = gnu11;
				GCC_NO_COMMON_BLOCKS = YES;
				GCC_WARN_64_TO_32_BIT_CONVERSION = YES;
				GCC_WARN_ABOUT_RETURN_TYPE = YES_ERROR;
				GCC_WARN_UNDECLARED_SELECTOR = YES;
				GCC_WARN_UNINITIALIZED_AUTOS = YES_AGGRESSIVE;
				GCC_WARN_UNUSED_FUNCTION = YES;
				GCC_WARN_UNUSED_VARIABLE = YES;
				IPHONEOS_DEPLOYMENT_TARGET = 11.0;
				MTL_ENABLE_DEBUG_INFO = NO;
				SDKROOT = iphoneos;
				SWIFT_OPTIMIZATION_LEVEL = "-Owholemodule";
				VALIDATE_PRODUCT = YES;
			};
			name = Release;
		};
		2F99E0271FB3059500828C94 /* Debug */ = {
			isa = XCBuildConfiguration;
			buildSettings = {
				ASSETCATALOG_COMPILER_APPICON_NAME = AppIcon;
				CODE_SIGN_STYLE = Automatic;
				INFOPLIST_FILE = FirstApp/Info.plist;
				LD_RUNPATH_SEARCH_PATHS = "$(inherited) @executable_path/Frameworks";
				PRODUCT_BUNDLE_IDENTIFIER = HM.FirstApp;
				PRODUCT_NAME = "$(TARGET_NAME)";
				SWIFT_VERSION = 4.0;
				TARGETED_DEVICE_FAMILY = "1,2";
			};
			name = Debug;
		};
		2F99E0281FB3059500828C94 /* Release */ = {
			isa = XCBuildConfiguration;
			buildSettings = {
				ASSETCATALOG_COMPILER_APPICON_NAME = AppIcon;
				CODE_SIGN_STYLE = Automatic;
				INFOPLIST_FILE = FirstApp/Info.plist;
				LD_RUNPATH_SEARCH_PATHS = "$(inherited) @executable_path/Frameworks";
				PRODUCT_BUNDLE_IDENTIFIER = HM.FirstApp;
				PRODUCT_NAME = "$(TARGET_NAME)";
				SWIFT_VERSION = 4.0;
				TARGETED_DEVICE_FAMILY = "1,2";
			};
			name = Release;
		};
		2F99E02A1FB3059500828C94 /* Debug */ = {
			isa = XCBuildConfiguration;
			buildSettings = {
				ALWAYS_EMBED_SWIFT_STANDARD_LIBRARIES = YES;
				BUNDLE_LOADER = "$(TEST_HOST)";
				CODE_SIGN_STYLE = Automatic;
				INFOPLIST_FILE = FirstAppTests/Info.plist;
				LD_RUNPATH_SEARCH_PATHS = "$(inherited) @executable_path/Frameworks @loader_path/Frameworks";
				PRODUCT_BUNDLE_IDENTIFIER = HM.FirstAppTests;
				PRODUCT_NAME = "$(TARGET_NAME)";
				SWIFT_VERSION = 4.0;
				TARGETED_DEVICE_FAMILY = "1,2";
				TEST_HOST = "$(BUILT_PRODUCTS_DIR)/FirstApp.app/FirstApp";
			};
			name = Debug;
		};
		2F99E02B1FB3059500828C94 /* Release */ = {
			isa = XCBuildConfiguration;
			buildSettings = {
				ALWAYS_EMBED_SWIFT_STANDARD_LIBRARIES = YES;
				BUNDLE_LOADER = "$(TEST_HOST)";
				CODE_SIGN_STYLE = Automatic;
				INFOPLIST_FILE = FirstAppTests/Info.plist;
				LD_RUNPATH_SEARCH_PATHS = "$(inherited) @executable_path/Frameworks @loader_path/Frameworks";
				PRODUCT_BUNDLE_IDENTIFIER = HM.FirstAppTests;
				PRODUCT_NAME = "$(TARGET_NAME)";
				SWIFT_VERSION = 4.0;
				TARGETED_DEVICE_FAMILY = "1,2";
				TEST_HOST = "$(BUILT_PRODUCTS_DIR)/FirstApp.app/FirstApp";
			};
			name = Release;
		};
		2F99E02D1FB3059500828C94 /* Debug */ = {
			isa = XCBuildConfiguration;
			buildSettings = {
				ALWAYS_EMBED_SWIFT_STANDARD_LIBRARIES = YES;
				CODE_SIGN_STYLE = Automatic;
				INFOPLIST_FILE = FirstAppUITests/Info.plist;
				LD_RUNPATH_SEARCH_PATHS = "$(inherited) @executable_path/Frameworks @loader_path/Frameworks";
				PRODUCT_BUNDLE_IDENTIFIER = HM.FirstAppUITests;
				PRODUCT_NAME = "$(TARGET_NAME)";
				SWIFT_VERSION = 4.0;
				TARGETED_DEVICE_FAMILY = "1,2";
				TEST_TARGET_NAME = FirstApp;
			};
			name = Debug;
		};
		2F99E02E1FB3059500828C94 /* Release */ = {
			isa = XCBuildConfiguration;
			buildSettings = {
				ALWAYS_EMBED_SWIFT_STANDARD_LIBRARIES = YES;
				CODE_SIGN_STYLE = Automatic;
				INFOPLIST_FILE = FirstAppUITests/Info.plist;
				LD_RUNPATH_SEARCH_PATHS = "$(inherited) @executable_path/Frameworks @loader_path/Frameworks";
				PRODUCT_BUNDLE_IDENTIFIER = HM.FirstAppUITests;
				PRODUCT_NAME = "$(TARGET_NAME)";
				SWIFT_VERSION = 4.0;
				TARGETED_DEVICE_FAMILY = "1,2";
				TEST_TARGET_NAME = FirstApp;
			};
			name = Release;
		};
/* End XCBuildConfiguration section */

/* Begin XCConfigurationList section */
		2F99DFF91FB3059400828C94 /* Build configuration list for PBXProject "FirstApp" */ = {
			isa = XCConfigurationList;
			buildConfigurations = (
				2F99E0241FB3059500828C94 /* Debug */,
				2F99E0251FB3059500828C94 /* Release */,
			);
			defaultConfigurationIsVisible = 0;
			defaultConfigurationName = Release;
		};
		2F99E0261FB3059500828C94 /* Build configuration list for PBXNativeTarget "FirstApp" */ = {
			isa = XCConfigurationList;
			buildConfigurations = (
				2F99E0271FB3059500828C94 /* Debug */,
				2F99E0281FB3059500828C94 /* Release */,
			);
			defaultConfigurationIsVisible = 0;
			defaultConfigurationName = Release;
		};
		2F99E0291FB3059500828C94 /* Build configuration list for PBXNativeTarget "FirstAppTests" */ = {
			isa = XCConfigurationList;
			buildConfigurations = (
				2F99E02A1FB3059500828C94 /* Debug */,
				2F99E02B1FB3059500828C94 /* Release */,
			);
			defaultConfigurationIsVisible = 0;
			defaultConfigurationName = Release;
		};
		2F99E02C1FB3059500828C94 /* Build configuration list for PBXNativeTarget "FirstAppUITests" */ = {
			isa = XCConfigurationList;
			buildConfigurations = (
				2F99E02D1FB3059500828C94 /* Debug */,
				2F99E02E1FB3059500828C94 /* Release */,
			);
			defaultConfigurationIsVisible = 0;
			defaultConfigurationName = Release;
		};
/* End XCConfigurationList section */
	};
	rootObject = 2F99DFF61FB3059400828C94 /* Project object */;
}
